
Microsoft Visual Studio Solution File, Format Version 12.00
# Visual Studio 15
VisualStudioVersion = 15.0.28307.102
MinimumVisualStudioVersion = 10.0.40219.1
Project("{FAE04EC0-301F-11D3-BF4B-00C04F79EFBC}") = "PPR_lab1", "PPR_lab1\PPR_lab1.csproj", "{EAC481D6-B0DE-4109-B5F8-3D2F114AA38F}"
EndProject
Global
	GlobalSection(SolutionConfigurationPlatforms) = preSolution
		Debug|Any CPU = Debug|Any CPU
		Release|Any CPU = Release|Any CPU
	EndGlobalSection
	GlobalSection(ProjectConfigurationPlatforms) = postSolution
		{EAC481D6-B0DE-4109-B5F8-3D2F114AA38F}.Debug|Any CPU.ActiveCfg = Debug|Any CPU
		{EAC481D6-B0DE-4109-B5F8-3D2F114AA38F}.Debug|Any CPU.Build.0 = Debug|Any CPU
		{EAC481D6-B0DE-4109-B5F8-3D2F114AA38F}.Release|Any CPU.ActiveCfg = Release|Any CPU
		{EAC481D6-B0DE-4109-B5F8-3D2F114AA38F}.Release|Any CPU.Build.0 = Release|Any CPU
	EndGlobalSection
	GlobalSection(SolutionProperties) = preSolution
		HideSolutionNode = FALSE
	EndGlobalSection
	GlobalSection(ExtensibilityGlobals) = postSolution
		SolutionGuid = {214E395F-8DA4-4D90-8633-7B6217C6233E}
	EndGlobalSection
EndGlobal
